
Microsoft Visual Studio Solution File, Format Version 12.00
# Visual Studio Version 16
VisualStudioVersion = 16.0.29215.179
MinimumVisualStudioVersion = 10.0.40219.1
Project("{888888A0-9F3D-457C-B088-3A5042F75D52}") = "AssetTracking", "AssetTracking\AssetTracking.pyproj", "{F59AC544-3ADC-4234-AA46-97266B2D8B18}"
EndProject
Global
	GlobalSection(SolutionConfigurationPlatforms) = preSolution
		Debug|Any CPU = Debug|Any CPU
		Release|Any CPU = Release|Any CPU
	EndGlobalSection
	GlobalSection(ProjectConfigurationPlatforms) = postSolution
		{F59AC544-3ADC-4234-AA46-97266B2D8B18}.Debug|Any CPU.ActiveCfg = Debug|Any CPU
		{F59AC544-3ADC-4234-AA46-97266B2D8B18}.Release|Any CPU.ActiveCfg = Release|Any CPU
	EndGlobalSection
	GlobalSection(SolutionProperties) = preSolution
		HideSolutionNode = FALSE
	EndGlobalSection
	GlobalSection(ExtensibilityGlobals) = postSolution
		SolutionGuid = {CB8987EF-019A-4429-B53D-0052586CFEE3}
	EndGlobalSection
EndGlobal
